
Microsoft Visual Studio Solution File, Format Version 12.00
# Visual Studio Version 17
VisualStudioVersion = 17.10.34916.146
MinimumVisualStudioVersion = 10.0.40219.1
Project("{8BC9CEB8-8B4A-11D0-8D11-00A0C91BC942}") = "Continuous", "Continuous.vcxproj", "{83C68C7D-9A61-3315-8CBF-1C214DD0C81D}"
	ProjectSection(ProjectDependencies) = postProject
		{D47F5DE2-661B-3316-85DC-E8F6726DBF82} = {D47F5DE2-661B-3316-85DC-E8F6726DBF82}
	EndProjectSection
EndProject
Project("{8BC9CEB8-8B4A-11D0-8D11-00A0C91BC942}") = "Experimental", "Experimental.vcxproj", "{465CCC2A-5057-3758-94BF-E50022D157B2}"
	ProjectSection(ProjectDependencies) = postProject
		{D47F5DE2-661B-3316-85DC-E8F6726DBF82} = {D47F5DE2-661B-3316-85DC-E8F6726DBF82}
	EndProjectSection
EndProject
Project("{8BC9CEB8-8B4A-11D0-8D11-00A0C91BC942}") = "Nightly", "Nightly.vcxproj", "{16D465C4-9F0D-3C0F-8AA9-13C9D0D934A3}"
	ProjectSection(ProjectDependencies) = postProject
		{D47F5DE2-661B-3316-85DC-E8F6726DBF82} = {D47F5DE2-661B-3316-85DC-E8F6726DBF82}
	EndProjectSection
EndProject
Project("{8BC9CEB8-8B4A-11D0-8D11-00A0C91BC942}") = "NightlyMemoryCheck", "NightlyMemoryCheck.vcxproj", "{9071D845-2E25-3C4B-A7A0-F7F0254C8C4C}"
	ProjectSection(ProjectDependencies) = postProject
		{D47F5DE2-661B-3316-85DC-E8F6726DBF82} = {D47F5DE2-661B-3316-85DC-E8F6726DBF82}
	EndProjectSection
EndProject
Project("{8BC9CEB8-8B4A-11D0-8D11-00A0C91BC942}") = "RUN_TESTS", "RUN_TESTS.vcxproj", "{4BC1EB72-7087-3695-9B04-5C379A051813}"
	ProjectSection(ProjectDependencies) = postProject
		{D47F5DE2-661B-3316-85DC-E8F6726DBF82} = {D47F5DE2-661B-3316-85DC-E8F6726DBF82}
	EndProjectSection
EndProject
Project("{8BC9CEB8-8B4A-11D0-8D11-00A0C91BC942}") = "ZERO_CHECK", "ZERO_CHECK.vcxproj", "{D47F5DE2-661B-3316-85DC-E8F6726DBF82}"
EndProject
Project("{8BC9CEB8-8B4A-11D0-8D11-00A0C91BC942}") = "astcenc-avx2-static", "Source\astcenc-avx2-static.vcxproj", "{20D28A34-E6CC-3C9C-9F87-2DD162098C3D}"
	ProjectSection(ProjectDependencies) = postProject
		{D47F5DE2-661B-3316-85DC-E8F6726DBF82} = {D47F5DE2-661B-3316-85DC-E8F6726DBF82}
	EndProjectSection
EndProject
Project("{8BC9CEB8-8B4A-11D0-8D11-00A0C91BC942}") = "astcenc-sse2-static", "Source\astcenc-sse2-static.vcxproj", "{40A2C2A3-8368-3509-B57E-F6697B197EB8}"
	ProjectSection(ProjectDependencies) = postProject
		{D47F5DE2-661B-3316-85DC-E8F6726DBF82} = {D47F5DE2-661B-3316-85DC-E8F6726DBF82}
	EndProjectSection
EndProject
Project("{8BC9CEB8-8B4A-11D0-8D11-00A0C91BC942}") = "astcenc-sse4.1-static", "Source\astcenc-sse4.1-static.vcxproj", "{17CB1AEE-C690-32CA-917D-F27645442272}"
	ProjectSection(ProjectDependencies) = postProject
		{D47F5DE2-661B-3316-85DC-E8F6726DBF82} = {D47F5DE2-661B-3316-85DC-E8F6726DBF82}
	EndProjectSection
EndProject
Project("{9A19103F-16F7-4668-BE54-9A1E7A4F7556}") = "AstcViewer", "AstcViewer\AstcViewer.csproj", "{84C5BC23-BB57-4CF6-80CB-9A5AE8A42E33}"
	ProjectSection(ProjectDependencies) = postProject
		{6EEC0E1B-100A-40AA-A28C-DB325145526B} = {6EEC0E1B-100A-40AA-A28C-DB325145526B}
	EndProjectSection
EndProject
Project("{8BC9CEB8-8B4A-11D0-8D11-00A0C91BC942}") = "wrapper", "wrapper\astcenc_wrapper.vcxproj", "{6EEC0E1B-100A-40AA-A28C-DB325145526B}"
	ProjectSection(ProjectDependencies) = postProject
		{17CB1AEE-C690-32CA-917D-F27645442272} = {17CB1AEE-C690-32CA-917D-F27645442272}
		{20D28A34-E6CC-3C9C-9F87-2DD162098C3D} = {20D28A34-E6CC-3C9C-9F87-2DD162098C3D}
		{40A2C2A3-8368-3509-B57E-F6697B197EB8} = {40A2C2A3-8368-3509-B57E-F6697B197EB8}
	EndProjectSection
EndProject
Global
	GlobalSection(SolutionConfigurationPlatforms) = preSolution
		Debug|Any CPU = Debug|Any CPU
		Debug|x64 = Debug|x64
		Debug|x86 = Debug|x86
		MinSizeRel|Any CPU = MinSizeRel|Any CPU
		MinSizeRel|x64 = MinSizeRel|x64
		MinSizeRel|x86 = MinSizeRel|x86
		Release|Any CPU = Release|Any CPU
		Release|x64 = Release|x64
		Release|x86 = Release|x86
		RelWithDebInfo|Any CPU = RelWithDebInfo|Any CPU
		RelWithDebInfo|x64 = RelWithDebInfo|x64
		RelWithDebInfo|x86 = RelWithDebInfo|x86
	EndGlobalSection
	GlobalSection(ProjectConfigurationPlatforms) = postSolution
		{83C68C7D-9A61-3315-8CBF-1C214DD0C81D}.Debug|Any CPU.ActiveCfg = Debug|x64
		{83C68C7D-9A61-3315-8CBF-1C214DD0C81D}.Debug|Any CPU.Build.0 = Debug|x64
		{83C68C7D-9A61-3315-8CBF-1C214DD0C81D}.Debug|x64.ActiveCfg = Debug|x64
		{83C68C7D-9A61-3315-8CBF-1C214DD0C81D}.Debug|x86.ActiveCfg = Debug|x64
		{83C68C7D-9A61-3315-8CBF-1C214DD0C81D}.Debug|x86.Build.0 = Debug|x64
		{83C68C7D-9A61-3315-8CBF-1C214DD0C81D}.MinSizeRel|Any CPU.ActiveCfg = MinSizeRel|x64
		{83C68C7D-9A61-3315-8CBF-1C214DD0C81D}.MinSizeRel|Any CPU.Build.0 = MinSizeRel|x64
		{83C68C7D-9A61-3315-8CBF-1C214DD0C81D}.MinSizeRel|x64.ActiveCfg = MinSizeRel|x64
		{83C68C7D-9A61-3315-8CBF-1C214DD0C81D}.MinSizeRel|x86.ActiveCfg = MinSizeRel|x64
		{83C68C7D-9A61-3315-8CBF-1C214DD0C81D}.MinSizeRel|x86.Build.0 = MinSizeRel|x64
		{83C68C7D-9A61-3315-8CBF-1C214DD0C81D}.Release|Any CPU.ActiveCfg = Release|x64
		{83C68C7D-9A61-3315-8CBF-1C214DD0C81D}.Release|Any CPU.Build.0 = Release|x64
		{83C68C7D-9A61-3315-8CBF-1C214DD0C81D}.Release|x64.ActiveCfg = Release|x64
		{83C68C7D-9A61-3315-8CBF-1C214DD0C81D}.Release|x86.ActiveCfg = Release|x64
		{83C68C7D-9A61-3315-8CBF-1C214DD0C81D}.Release|x86.Build.0 = Release|x64
		{83C68C7D-9A61-3315-8CBF-1C214DD0C81D}.RelWithDebInfo|Any CPU.ActiveCfg = RelWithDebInfo|x64
		{83C68C7D-9A61-3315-8CBF-1C214DD0C81D}.RelWithDebInfo|Any CPU.Build.0 = RelWithDebInfo|x64
		{83C68C7D-9A61-3315-8CBF-1C214DD0C81D}.RelWithDebInfo|x64.ActiveCfg = RelWithDebInfo|x64
		{83C68C7D-9A61-3315-8CBF-1C214DD0C81D}.RelWithDebInfo|x86.ActiveCfg = RelWithDebInfo|x64
		{83C68C7D-9A61-3315-8CBF-1C214DD0C81D}.RelWithDebInfo|x86.Build.0 = RelWithDebInfo|x64
		{465CCC2A-5057-3758-94BF-E50022D157B2}.Debug|Any CPU.ActiveCfg = Debug|x64
		{465CCC2A-5057-3758-94BF-E50022D157B2}.Debug|Any CPU.Build.0 = Debug|x64
		{465CCC2A-5057-3758-94BF-E50022D157B2}.Debug|x64.ActiveCfg = Debug|x64
		{465CCC2A-5057-3758-94BF-E50022D157B2}.Debug|x86.ActiveCfg = Debug|x64
		{465CCC2A-5057-3758-94BF-E50022D157B2}.Debug|x86.Build.0 = Debug|x64
		{465CCC2A-5057-3758-94BF-E50022D157B2}.MinSizeRel|Any CPU.ActiveCfg = MinSizeRel|x64
		{465CCC2A-5057-3758-94BF-E50022D157B2}.MinSizeRel|Any CPU.Build.0 = MinSizeRel|x64
		{465CCC2A-5057-3758-94BF-E50022D157B2}.MinSizeRel|x64.ActiveCfg = MinSizeRel|x64
		{465CCC2A-5057-3758-94BF-E50022D157B2}.MinSizeRel|x86.ActiveCfg = MinSizeRel|x64
		{465CCC2A-5057-3758-94BF-E50022D157B2}.MinSizeRel|x86.Build.0 = MinSizeRel|x64
		{465CCC2A-5057-3758-94BF-E50022D157B2}.Release|Any CPU.ActiveCfg = Release|x64
		{465CCC2A-5057-3758-94BF-E50022D157B2}.Release|Any CPU.Build.0 = Release|x64
		{465CCC2A-5057-3758-94BF-E50022D157B2}.Release|x64.ActiveCfg = Release|x64
		{465CCC2A-5057-3758-94BF-E50022D157B2}.Release|x86.ActiveCfg = Release|x64
		{465CCC2A-5057-3758-94BF-E50022D157B2}.Release|x86.Build.0 = Release|x64
		{465CCC2A-5057-3758-94BF-E50022D157B2}.RelWithDebInfo|Any CPU.ActiveCfg = RelWithDebInfo|x64
		{465CCC2A-5057-3758-94BF-E50022D157B2}.RelWithDebInfo|Any CPU.Build.0 = RelWithDebInfo|x64
		{465CCC2A-5057-3758-94BF-E50022D157B2}.RelWithDebInfo|x64.ActiveCfg = RelWithDebInfo|x64
		{465CCC2A-5057-3758-94BF-E50022D157B2}.RelWithDebInfo|x86.ActiveCfg = RelWithDebInfo|x64
		{465CCC2A-5057-3758-94BF-E50022D157B2}.RelWithDebInfo|x86.Build.0 = RelWithDebInfo|x64
		{16D465C4-9F0D-3C0F-8AA9-13C9D0D934A3}.Debug|Any CPU.ActiveCfg = Debug|x64
		{16D465C4-9F0D-3C0F-8AA9-13C9D0D934A3}.Debug|Any CPU.Build.0 = Debug|x64
		{16D465C4-9F0D-3C0F-8AA9-13C9D0D934A3}.Debug|x64.ActiveCfg = Debug|x64
		{16D465C4-9F0D-3C0F-8AA9-13C9D0D934A3}.Debug|x86.ActiveCfg = Debug|x64
		{16D465C4-9F0D-3C0F-8AA9-13C9D0D934A3}.Debug|x86.Build.0 = Debug|x64
		{16D465C4-9F0D-3C0F-8AA9-13C9D0D934A3}.MinSizeRel|Any CPU.ActiveCfg = MinSizeRel|x64
		{16D465C4-9F0D-3C0F-8AA9-13C9D0D934A3}.MinSizeRel|Any CPU.Build.0 = MinSizeRel|x64
		{16D465C4-9F0D-3C0F-8AA9-13C9D0D934A3}.MinSizeRel|x64.ActiveCfg = MinSizeRel|x64
		{16D465C4-9F0D-3C0F-8AA9-13C9D0D934A3}.MinSizeRel|x86.ActiveCfg = MinSizeRel|x64
		{16D465C4-9F0D-3C0F-8AA9-13C9D0D934A3}.MinSizeRel|x86.Build.0 = MinSizeRel|x64
		{16D465C4-9F0D-3C0F-8AA9-13C9D0D934A3}.Release|Any CPU.ActiveCfg = Release|x64
		{16D465C4-9F0D-3C0F-8AA9-13C9D0D934A3}.Release|Any CPU.Build.0 = Release|x64
		{16D465C4-9F0D-3C0F-8AA9-13C9D0D934A3}.Release|x64.ActiveCfg = Release|x64
		{16D465C4-9F0D-3C0F-8AA9-13C9D0D934A3}.Release|x86.ActiveCfg = Release|x64
		{16D465C4-9F0D-3C0F-8AA9-13C9D0D934A3}.Release|x86.Build.0 = Release|x64
		{16D465C4-9F0D-3C0F-8AA9-13C9D0D934A3}.RelWithDebInfo|Any CPU.ActiveCfg = RelWithDebInfo|x64
		{16D465C4-9F0D-3C0F-8AA9-13C9D0D934A3}.RelWithDebInfo|Any CPU.Build.0 = RelWithDebInfo|x64
		{16D465C4-9F0D-3C0F-8AA9-13C9D0D934A3}.RelWithDebInfo|x64.ActiveCfg = RelWithDebInfo|x64
		{16D465C4-9F0D-3C0F-8AA9-13C9D0D934A3}.RelWithDebInfo|x86.ActiveCfg = RelWithDebInfo|x64
		{16D465C4-9F0D-3C0F-8AA9-13C9D0D934A3}.RelWithDebInfo|x86.Build.0 = RelWithDebInfo|x64
		{9071D845-2E25-3C4B-A7A0-F7F0254C8C4C}.Debug|Any CPU.ActiveCfg = Debug|x64
		{9071D845-2E25-3C4B-A7A0-F7F0254C8C4C}.Debug|Any CPU.Build.0 = Debug|x64
		{9071D845-2E25-3C4B-A7A0-F7F0254C8C4C}.Debug|x64.ActiveCfg = Debug|x64
		{9071D845-2E25-3C4B-A7A0-F7F0254C8C4C}.Debug|x86.ActiveCfg = Debug|x64
		{9071D845-2E25-3C4B-A7A0-F7F0254C8C4C}.Debug|x86.Build.0 = Debug|x64
		{9071D845-2E25-3C4B-A7A0-F7F0254C8C4C}.MinSizeRel|Any CPU.ActiveCfg = MinSizeRel|x64
		{9071D845-2E25-3C4B-A7A0-F7F0254C8C4C}.MinSizeRel|Any CPU.Build.0 = MinSizeRel|x64
		{9071D845-2E25-3C4B-A7A0-F7F0254C8C4C}.MinSizeRel|x64.ActiveCfg = MinSizeRel|x64
		{9071D845-2E25-3C4B-A7A0-F7F0254C8C4C}.MinSizeRel|x86.ActiveCfg = MinSizeRel|x64
		{9071D845-2E25-3C4B-A7A0-F7F0254C8C4C}.MinSizeRel|x86.Build.0 = MinSizeRel|x64
		{9071D845-2E25-3C4B-A7A0-F7F0254C8C4C}.Release|Any CPU.ActiveCfg = Release|x64
		{9071D845-2E25-3C4B-A7A0-F7F0254C8C4C}.Release|Any CPU.Build.0 = Release|x64
		{9071D845-2E25-3C4B-A7A0-F7F0254C8C4C}.Release|x64.ActiveCfg = Release|x64
		{9071D845-2E25-3C4B-A7A0-F7F0254C8C4C}.Release|x86.ActiveCfg = Release|x64
		{9071D845-2E25-3C4B-A7A0-F7F0254C8C4C}.Release|x86.Build.0 = Release|x64
		{9071D845-2E25-3C4B-A7A0-F7F0254C8C4C}.RelWithDebInfo|Any CPU.ActiveCfg = RelWithDebInfo|x64
		{9071D845-2E25-3C4B-A7A0-F7F0254C8C4C}.RelWithDebInfo|Any CPU.Build.0 = RelWithDebInfo|x64
		{9071D845-2E25-3C4B-A7A0-F7F0254C8C4C}.RelWithDebInfo|x64.ActiveCfg = RelWithDebInfo|x64
		{9071D845-2E25-3C4B-A7A0-F7F0254C8C4C}.RelWithDebInfo|x86.ActiveCfg = RelWithDebInfo|x64
		{9071D845-2E25-3C4B-A7A0-F7F0254C8C4C}.RelWithDebInfo|x86.Build.0 = RelWithDebInfo|x64
		{4BC1EB72-7087-3695-9B04-5C379A051813}.Debug|Any CPU.ActiveCfg = Debug|x64
		{4BC1EB72-7087-3695-9B04-5C379A051813}.Debug|Any CPU.Build.0 = Debug|x64
		{4BC1EB72-7087-3695-9B04-5C379A051813}.Debug|x64.ActiveCfg = Debug|x64
		{4BC1EB72-7087-3695-9B04-5C379A051813}.Debug|x86.ActiveCfg = Debug|x64
		{4BC1EB72-7087-3695-9B04-5C379A051813}.Debug|x86.Build.0 = Debug|x64
		{4BC1EB72-7087-3695-9B04-5C379A051813}.MinSizeRel|Any CPU.ActiveCfg = MinSizeRel|x64
		{4BC1EB72-7087-3695-9B04-5C379A051813}.MinSizeRel|Any CPU.Build.0 = MinSizeRel|x64
		{4BC1EB72-7087-3695-9B04-5C379A051813}.MinSizeRel|x64.ActiveCfg = MinSizeRel|x64
		{4BC1EB72-7087-3695-9B04-5C379A051813}.MinSizeRel|x86.ActiveCfg = MinSizeRel|x64
		{4BC1EB72-7087-3695-9B04-5C379A051813}.MinSizeRel|x86.Build.0 = MinSizeRel|x64
		{4BC1EB72-7087-3695-9B04-5C379A051813}.Release|Any CPU.ActiveCfg = Release|x64
		{4BC1EB72-7087-3695-9B04-5C379A051813}.Release|Any CPU.Build.0 = Release|x64
		{4BC1EB72-7087-3695-9B04-5C379A051813}.Release|x64.ActiveCfg = Release|x64
		{4BC1EB72-7087-3695-9B04-5C379A051813}.Release|x86.ActiveCfg = Release|x64
		{4BC1EB72-7087-3695-9B04-5C379A051813}.Release|x86.Build.0 = Release|x64
		{4BC1EB72-7087-3695-9B04-5C379A051813}.RelWithDebInfo|Any CPU.ActiveCfg = RelWithDebInfo|x64
		{4BC1EB72-7087-3695-9B04-5C379A051813}.RelWithDebInfo|Any CPU.Build.0 = RelWithDebInfo|x64
		{4BC1EB72-7087-3695-9B04-5C379A051813}.RelWithDebInfo|x64.ActiveCfg = RelWithDebInfo|x64
		{4BC1EB72-7087-3695-9B04-5C379A051813}.RelWithDebInfo|x86.ActiveCfg = RelWithDebInfo|x64
		{4BC1EB72-7087-3695-9B04-5C379A051813}.RelWithDebInfo|x86.Build.0 = RelWithDebInfo|x64
		{D47F5DE2-661B-3316-85DC-E8F6726DBF82}.Debug|Any CPU.ActiveCfg = Debug|x64
		{D47F5DE2-661B-3316-85DC-E8F6726DBF82}.Debug|Any CPU.Build.0 = Debug|x64
		{D47F5DE2-661B-3316-85DC-E8F6726DBF82}.Debug|x64.ActiveCfg = Debug|x64
		{D47F5DE2-661B-3316-85DC-E8F6726DBF82}.Debug|x64.Build.0 = Debug|x64
		{D47F5DE2-661B-3316-85DC-E8F6726DBF82}.Debug|x86.ActiveCfg = Debug|x64
		{D47F5DE2-661B-3316-85DC-E8F6726DBF82}.Debug|x86.Build.0 = Debug|x64
		{D47F5DE2-661B-3316-85DC-E8F6726DBF82}.MinSizeRel|Any CPU.ActiveCfg = MinSizeRel|x64
		{D47F5DE2-661B-3316-85DC-E8F6726DBF82}.MinSizeRel|Any CPU.Build.0 = MinSizeRel|x64
		{D47F5DE2-661B-3316-85DC-E8F6726DBF82}.MinSizeRel|x64.ActiveCfg = MinSizeRel|x64
		{D47F5DE2-661B-3316-85DC-E8F6726DBF82}.MinSizeRel|x64.Build.0 = MinSizeRel|x64
		{D47F5DE2-661B-3316-85DC-E8F6726DBF82}.MinSizeRel|x86.ActiveCfg = MinSizeRel|x64
		{D47F5DE2-661B-3316-85DC-E8F6726DBF82}.MinSizeRel|x86.Build.0 = MinSizeRel|x64
		{D47F5DE2-661B-3316-85DC-E8F6726DBF82}.Release|Any CPU.ActiveCfg = Release|x64
		{D47F5DE2-661B-3316-85DC-E8F6726DBF82}.Release|Any CPU.Build.0 = Release|x64
		{D47F5DE2-661B-3316-85DC-E8F6726DBF82}.Release|x64.ActiveCfg = Release|x64
		{D47F5DE2-661B-3316-85DC-E8F6726DBF82}.Release|x64.Build.0 = Release|x64
		{D47F5DE2-661B-3316-85DC-E8F6726DBF82}.Release|x86.ActiveCfg = Release|x64
		{D47F5DE2-661B-3316-85DC-E8F6726DBF82}.Release|x86.Build.0 = Release|x64
		{D47F5DE2-661B-3316-85DC-E8F6726DBF82}.RelWithDebInfo|Any CPU.ActiveCfg = RelWithDebInfo|x64
		{D47F5DE2-661B-3316-85DC-E8F6726DBF82}.RelWithDebInfo|Any CPU.Build.0 = RelWithDebInfo|x64
		{D47F5DE2-661B-3316-85DC-E8F6726DBF82}.RelWithDebInfo|x64.ActiveCfg = RelWithDebInfo|x64
		{D47F5DE2-661B-3316-85DC-E8F6726DBF82}.RelWithDebInfo|x64.Build.0 = RelWithDebInfo|x64
		{D47F5DE2-661B-3316-85DC-E8F6726DBF82}.RelWithDebInfo|x86.ActiveCfg = RelWithDebInfo|x64
		{D47F5DE2-661B-3316-85DC-E8F6726DBF82}.RelWithDebInfo|x86.Build.0 = RelWithDebInfo|x64
		{20D28A34-E6CC-3C9C-9F87-2DD162098C3D}.Debug|Any CPU.ActiveCfg = Debug|x64
		{20D28A34-E6CC-3C9C-9F87-2DD162098C3D}.Debug|Any CPU.Build.0 = Debug|x64
		{20D28A34-E6CC-3C9C-9F87-2DD162098C3D}.Debug|x64.ActiveCfg = Debug|x64
		{20D28A34-E6CC-3C9C-9F87-2DD162098C3D}.Debug|x64.Build.0 = Debug|x64
		{20D28A34-E6CC-3C9C-9F87-2DD162098C3D}.Debug|x86.ActiveCfg = Debug|x64
		{20D28A34-E6CC-3C9C-9F87-2DD162098C3D}.Debug|x86.Build.0 = Debug|x64
		{20D28A34-E6CC-3C9C-9F87-2DD162098C3D}.MinSizeRel|Any CPU.ActiveCfg = MinSizeRel|x64
		{20D28A34-E6CC-3C9C-9F87-2DD162098C3D}.MinSizeRel|Any CPU.Build.0 = MinSizeRel|x64
		{20D28A34-E6CC-3C9C-9F87-2DD162098C3D}.MinSizeRel|x64.ActiveCfg = MinSizeRel|x64
		{20D28A34-E6CC-3C9C-9F87-2DD162098C3D}.MinSizeRel|x64.Build.0 = MinSizeRel|x64
		{20D28A34-E6CC-3C9C-9F87-2DD162098C3D}.MinSizeRel|x86.ActiveCfg = MinSizeRel|x64
		{20D28A34-E6CC-3C9C-9F87-2DD162098C3D}.MinSizeRel|x86.Build.0 = MinSizeRel|x64
		{20D28A34-E6CC-3C9C-9F87-2DD162098C3D}.Release|Any CPU.ActiveCfg = Release|x64
		{20D28A34-E6CC-3C9C-9F87-2DD162098C3D}.Release|Any CPU.Build.0 = Release|x64
		{20D28A34-E6CC-3C9C-9F87-2DD162098C3D}.Release|x64.ActiveCfg = Release|x64
		{20D28A34-E6CC-3C9C-9F87-2DD162098C3D}.Release|x64.Build.0 = Release|x64
		{20D28A34-E6CC-3C9C-9F87-2DD162098C3D}.Release|x86.ActiveCfg = Release|x64
		{20D28A34-E6CC-3C9C-9F87-2DD162098C3D}.Release|x86.Build.0 = Release|x64
		{20D28A34-E6CC-3C9C-9F87-2DD162098C3D}.RelWithDebInfo|Any CPU.ActiveCfg = RelWithDebInfo|x64
		{20D28A34-E6CC-3C9C-9F87-2DD162098C3D}.RelWithDebInfo|Any CPU.Build.0 = RelWithDebInfo|x64
		{20D28A34-E6CC-3C9C-9F87-2DD162098C3D}.RelWithDebInfo|x64.ActiveCfg = RelWithDebInfo|x64
		{20D28A34-E6CC-3C9C-9F87-2DD162098C3D}.RelWithDebInfo|x64.Build.0 = RelWithDebInfo|x64
		{20D28A34-E6CC-3C9C-9F87-2DD162098C3D}.RelWithDebInfo|x86.ActiveCfg = RelWithDebInfo|x64
		{20D28A34-E6CC-3C9C-9F87-2DD162098C3D}.RelWithDebInfo|x86.Build.0 = RelWithDebInfo|x64
		{40A2C2A3-8368-3509-B57E-F6697B197EB8}.Debug|Any CPU.ActiveCfg = Debug|x64
		{40A2C2A3-8368-3509-B57E-F6697B197EB8}.Debug|Any CPU.Build.0 = Debug|x64
		{40A2C2A3-8368-3509-B57E-F6697B197EB8}.Debug|x64.ActiveCfg = Debug|x64
		{40A2C2A3-8368-3509-B57E-F6697B197EB8}.Debug|x64.Build.0 = Debug|x64
		{40A2C2A3-8368-3509-B57E-F6697B197EB8}.Debug|x86.ActiveCfg = Debug|x64
		{40A2C2A3-8368-3509-B57E-F6697B197EB8}.Debug|x86.Build.0 = Debug|x64
		{40A2C2A3-8368-3509-B57E-F6697B197EB8}.MinSizeRel|Any CPU.ActiveCfg = MinSizeRel|x64
		{40A2C2A3-8368-3509-B57E-F6697B197EB8}.MinSizeRel|Any CPU.Build.0 = MinSizeRel|x64
		{40A2C2A3-8368-3509-B57E-F6697B197EB8}.MinSizeRel|x64.ActiveCfg = MinSizeRel|x64
		{40A2C2A3-8368-3509-B57E-F6697B197EB8}.MinSizeRel|x64.Build.0 = MinSizeRel|x64
		{40A2C2A3-8368-3509-B57E-F6697B197EB8}.MinSizeRel|x86.ActiveCfg = MinSizeRel|x64
		{40A2C2A3-8368-3509-B57E-F6697B197EB8}.MinSizeRel|x86.Build.0 = MinSizeRel|x64
		{40A2C2A3-8368-3509-B57E-F6697B197EB8}.Release|Any CPU.ActiveCfg = Release|x64
		{40A2C2A3-8368-3509-B57E-F6697B197EB8}.Release|Any CPU.Build.0 = Release|x64
		{40A2C2A3-8368-3509-B57E-F6697B197EB8}.Release|x64.ActiveCfg = Release|x64
		{40A2C2A3-8368-3509-B57E-F6697B197EB8}.Release|x64.Build.0 = Release|x64
		{40A2C2A3-8368-3509-B57E-F6697B197EB8}.Release|x86.ActiveCfg = Release|x64
		{40A2C2A3-8368-3509-B57E-F6697B197EB8}.Release|x86.Build.0 = Release|x64
		{40A2C2A3-8368-3509-B57E-F6697B197EB8}.RelWithDebInfo|Any CPU.ActiveCfg = RelWithDebInfo|x64
		{40A2C2A3-8368-3509-B57E-F6697B197EB8}.RelWithDebInfo|Any CPU.Build.0 = RelWithDebInfo|x64
		{40A2C2A3-8368-3509-B57E-F6697B197EB8}.RelWithDebInfo|x64.ActiveCfg = RelWithDebInfo|x64
		{40A2C2A3-8368-3509-B57E-F6697B197EB8}.RelWithDebInfo|x64.Build.0 = RelWithDebInfo|x64
		{40A2C2A3-8368-3509-B57E-F6697B197EB8}.RelWithDebInfo|x86.ActiveCfg = RelWithDebInfo|x64
		{40A2C2A3-8368-3509-B57E-F6697B197EB8}.RelWithDebInfo|x86.Build.0 = RelWithDebInfo|x64
		{17CB1AEE-C690-32CA-917D-F27645442272}.Debug|Any CPU.ActiveCfg = Debug|x64
		{17CB1AEE-C690-32CA-917D-F27645442272}.Debug|Any CPU.Build.0 = Debug|x64
		{17CB1AEE-C690-32CA-917D-F27645442272}.Debug|x64.ActiveCfg = Debug|x64
		{17CB1AEE-C690-32CA-917D-F27645442272}.Debug|x64.Build.0 = Debug|x64
		{17CB1AEE-C690-32CA-917D-F27645442272}.Debug|x86.ActiveCfg = Debug|x64
		{17CB1AEE-C690-32CA-917D-F27645442272}.Debug|x86.Build.0 = Debug|x64
		{17CB1AEE-C690-32CA-917D-F27645442272}.MinSizeRel|Any CPU.ActiveCfg = MinSizeRel|x64
		{17CB1AEE-C690-32CA-917D-F27645442272}.MinSizeRel|Any CPU.Build.0 = MinSizeRel|x64
		{17CB1AEE-C690-32CA-917D-F27645442272}.MinSizeRel|x64.ActiveCfg = MinSizeRel|x64
		{17CB1AEE-C690-32CA-917D-F27645442272}.MinSizeRel|x64.Build.0 = MinSizeRel|x64
		{17CB1AEE-C690-32CA-917D-F27645442272}.MinSizeRel|x86.ActiveCfg = MinSizeRel|x64
		{17CB1AEE-C690-32CA-917D-F27645442272}.MinSizeRel|x86.Build.0 = MinSizeRel|x64
		{17CB1AEE-C690-32CA-917D-F27645442272}.Release|Any CPU.ActiveCfg = Release|x64
		{17CB1AEE-C690-32CA-917D-F27645442272}.Release|Any CPU.Build.0 = Release|x64
		{17CB1AEE-C690-32CA-917D-F27645442272}.Release|x64.ActiveCfg = Release|x64
		{17CB1AEE-C690-32CA-917D-F27645442272}.Release|x64.Build.0 = Release|x64
		{17CB1AEE-C690-32CA-917D-F27645442272}.Release|x86.ActiveCfg = Release|x64
		{17CB1AEE-C690-32CA-917D-F27645442272}.Release|x86.Build.0 = Release|x64
		{17CB1AEE-C690-32CA-917D-F27645442272}.RelWithDebInfo|Any CPU.ActiveCfg = RelWithDebInfo|x64
		{17CB1AEE-C690-32CA-917D-F27645442272}.RelWithDebInfo|Any CPU.Build.0 = RelWithDebInfo|x64
		{17CB1AEE-C690-32CA-917D-F27645442272}.RelWithDebInfo|x64.ActiveCfg = RelWithDebInfo|x64
		{17CB1AEE-C690-32CA-917D-F27645442272}.RelWithDebInfo|x64.Build.0 = RelWithDebInfo|x64
		{17CB1AEE-C690-32CA-917D-F27645442272}.RelWithDebInfo|x86.ActiveCfg = RelWithDebInfo|x64
		{17CB1AEE-C690-32CA-917D-F27645442272}.RelWithDebInfo|x86.Build.0 = RelWithDebInfo|x64
		{84C5BC23-BB57-4CF6-80CB-9A5AE8A42E33}.Debug|Any CPU.ActiveCfg = Debug|Any CPU
		{84C5BC23-BB57-4CF6-80CB-9A5AE8A42E33}.Debug|Any CPU.Build.0 = Debug|Any CPU
		{84C5BC23-BB57-4CF6-80CB-9A5AE8A42E33}.Debug|x64.ActiveCfg = Debug|Any CPU
		{84C5BC23-BB57-4CF6-80CB-9A5AE8A42E33}.Debug|x64.Build.0 = Debug|Any CPU
		{84C5BC23-BB57-4CF6-80CB-9A5AE8A42E33}.Debug|x86.ActiveCfg = Debug|Any CPU
		{84C5BC23-BB57-4CF6-80CB-9A5AE8A42E33}.Debug|x86.Build.0 = Debug|Any CPU
		{84C5BC23-BB57-4CF6-80CB-9A5AE8A42E33}.MinSizeRel|Any CPU.ActiveCfg = Debug|Any CPU
		{84C5BC23-BB57-4CF6-80CB-9A5AE8A42E33}.MinSizeRel|Any CPU.Build.0 = Debug|Any CPU
		{84C5BC23-BB57-4CF6-80CB-9A5AE8A42E33}.MinSizeRel|x64.ActiveCfg = Debug|Any CPU
		{84C5BC23-BB57-4CF6-80CB-9A5AE8A42E33}.MinSizeRel|x64.Build.0 = Debug|Any CPU
		{84C5BC23-BB57-4CF6-80CB-9A5AE8A42E33}.MinSizeRel|x86.ActiveCfg = Debug|Any CPU
		{84C5BC23-BB57-4CF6-80CB-9A5AE8A42E33}.MinSizeRel|x86.Build.0 = Debug|Any CPU
		{84C5BC23-BB57-4CF6-80CB-9A5AE8A42E33}.Release|Any CPU.ActiveCfg = Release|Any CPU
		{84C5BC23-BB57-4CF6-80CB-9A5AE8A42E33}.Release|Any CPU.Build.0 = Release|Any CPU
		{84C5BC23-BB57-4CF6-80CB-9A5AE8A42E33}.Release|x64.ActiveCfg = Release|Any CPU
		{84C5BC23-BB57-4CF6-80CB-9A5AE8A42E33}.Release|x64.Build.0 = Release|Any CPU
		{84C5BC23-BB57-4CF6-80CB-9A5AE8A42E33}.Release|x86.ActiveCfg = Release|Any CPU
		{84C5BC23-BB57-4CF6-80CB-9A5AE8A42E33}.Release|x86.Build.0 = Release|Any CPU
		{84C5BC23-BB57-4CF6-80CB-9A5AE8A42E33}.RelWithDebInfo|Any CPU.ActiveCfg = Release|Any CPU
		{84C5BC23-BB57-4CF6-80CB-9A5AE8A42E33}.RelWithDebInfo|Any CPU.Build.0 = Release|Any CPU
		{84C5BC23-BB57-4CF6-80CB-9A5AE8A42E33}.RelWithDebInfo|x64.ActiveCfg = Release|Any CPU
		{84C5BC23-BB57-4CF6-80CB-9A5AE8A42E33}.RelWithDebInfo|x64.Build.0 = Release|Any CPU
		{84C5BC23-BB57-4CF6-80CB-9A5AE8A42E33}.RelWithDebInfo|x86.ActiveCfg = Release|Any CPU
		{84C5BC23-BB57-4CF6-80CB-9A5AE8A42E33}.RelWithDebInfo|x86.Build.0 = Release|Any CPU
		{6EEC0E1B-100A-40AA-A28C-DB325145526B}.Debug|Any CPU.ActiveCfg = Debug|x64
		{6EEC0E1B-100A-40AA-A28C-DB325145526B}.Debug|Any CPU.Build.0 = Debug|x64
		{6EEC0E1B-100A-40AA-A28C-DB325145526B}.Debug|x64.ActiveCfg = Debug|x64
		{6EEC0E1B-100A-40AA-A28C-DB325145526B}.Debug|x64.Build.0 = Debug|x64
		{6EEC0E1B-100A-40AA-A28C-DB325145526B}.Debug|x86.ActiveCfg = Debug|Win32
		{6EEC0E1B-100A-40AA-A28C-DB325145526B}.Debug|x86.Build.0 = Debug|Win32
		{6EEC0E1B-100A-40AA-A28C-DB325145526B}.MinSizeRel|Any CPU.ActiveCfg = Debug|x64
		{6EEC0E1B-100A-40AA-A28C-DB325145526B}.MinSizeRel|Any CPU.Build.0 = Debug|x64
		{6EEC0E1B-100A-40AA-A28C-DB325145526B}.MinSizeRel|x64.ActiveCfg = Debug|x64
		{6EEC0E1B-100A-40AA-A28C-DB325145526B}.MinSizeRel|x64.Build.0 = Debug|x64
		{6EEC0E1B-100A-40AA-A28C-DB325145526B}.MinSizeRel|x86.ActiveCfg = Debug|Win32
		{6EEC0E1B-100A-40AA-A28C-DB325145526B}.MinSizeRel|x86.Build.0 = Debug|Win32
		{6EEC0E1B-100A-40AA-A28C-DB325145526B}.Release|Any CPU.ActiveCfg = Release|x64
		{6EEC0E1B-100A-40AA-A28C-DB325145526B}.Release|Any CPU.Build.0 = Release|x64
		{6EEC0E1B-100A-40AA-A28C-DB325145526B}.Release|x64.ActiveCfg = Release|x64
		{6EEC0E1B-100A-40AA-A28C-DB325145526B}.Release|x64.Build.0 = Release|x64
		{6EEC0E1B-100A-40AA-A28C-DB325145526B}.Release|x86.ActiveCfg = Release|Win32
		{6EEC0E1B-100A-40AA-A28C-DB325145526B}.Release|x86.Build.0 = Release|Win32
		{6EEC0E1B-100A-40AA-A28C-DB325145526B}.RelWithDebInfo|Any CPU.ActiveCfg = Release|x64
		{6EEC0E1B-100A-40AA-A28C-DB325145526B}.RelWithDebInfo|Any CPU.Build.0 = Release|x64
		{6EEC0E1B-100A-40AA-A28C-DB325145526B}.RelWithDebInfo|x64.ActiveCfg = Release|x64
		{6EEC0E1B-100A-40AA-A28C-DB325145526B}.RelWithDebInfo|x64.Build.0 = Release|x64
		{6EEC0E1B-100A-40AA-A28C-DB325145526B}.RelWithDebInfo|x86.ActiveCfg = Release|Win32
		{6EEC0E1B-100A-40AA-A28C-DB325145526B}.RelWithDebInfo|x86.Build.0 = Release|Win32
	EndGlobalSection
	GlobalSection(SolutionProperties) = preSolution
		HideSolutionNode = FALSE
	EndGlobalSection
	GlobalSection(ExtensibilityGlobals) = postSolution
		SolutionGuid = {A63402E4-817E-3293-B18A-66F9A7F92363}
	EndGlobalSection
EndGlobal
