
Microsoft Visual Studio Solution File, Format Version 12.00
# Visual Studio Version 17
VisualStudioVersion = 17.10.34916.146
MinimumVisualStudioVersion = 10.0.40219.1
Project("{8BC9CEB8-8B4A-11D0-8D11-00A0C91BC942}") = "astcenc-avx2-static", "Source\astcenc-avx2-static.vcxproj", "{20D28A34-E6CC-3C9C-9F87-2DD162098C3D}"
EndProject
Project("{8BC9CEB8-8B4A-11D0-8D11-00A0C91BC942}") = "astcenc-sse2-static", "Source\astcenc-sse2-static.vcxproj", "{40A2C2A3-8368-3509-B57E-F6697B197EB8}"
EndProject
Project("{8BC9CEB8-8B4A-11D0-8D11-00A0C91BC942}") = "astcenc-sse4.1-static", "Source\astcenc-sse4.1-static.vcxproj", "{17CB1AEE-C690-32CA-917D-F27645442272}"
EndProject
Project("{9A19103F-16F7-4668-BE54-9A1E7A4F7556}") = "AstcViewer", "AstcViewer\AstcViewer.csproj", "{84C5BC23-BB57-4CF6-80CB-9A5AE8A42E33}"
	ProjectSection(ProjectDependencies) = postProject
		{6EEC0E1B-100A-40AA-A28C-DB325145526B} = {6EEC0E1B-100A-40AA-A28C-DB325145526B}
	EndProjectSection
EndProject
Project("{8BC9CEB8-8B4A-11D0-8D11-00A0C91BC942}") = "wrapper", "wrapper\astcenc_wrapper.vcxproj", "{6EEC0E1B-100A-40AA-A28C-DB325145526B}"
	ProjectSection(ProjectDependencies) = postProject
		{17CB1AEE-C690-32CA-917D-F27645442272} = {17CB1AEE-C690-32CA-917D-F27645442272}
		{20D28A34-E6CC-3C9C-9F87-2DD162098C3D} = {20D28A34-E6CC-3C9C-9F87-2DD162098C3D}
		{40A2C2A3-8368-3509-B57E-F6697B197EB8} = {40A2C2A3-8368-3509-B57E-F6697B197EB8}
	EndProjectSection
EndProject
Global
	GlobalSection(SolutionConfigurationPlatforms) = preSolution
		Debug|Any CPU = Debug|Any CPU
		Debug|x64 = Debug|x64
		Debug|x86 = Debug|x86
		MinSizeRel|Any CPU = MinSizeRel|Any CPU
		MinSizeRel|x64 = MinSizeRel|x64
		MinSizeRel|x86 = MinSizeRel|x86
		Release|Any CPU = Release|Any CPU
		Release|x64 = Release|x64
		Release|x86 = Release|x86
		RelWithDebInfo|Any CPU = RelWithDebInfo|Any CPU
		RelWithDebInfo|x64 = RelWithDebInfo|x64
		RelWithDebInfo|x86 = RelWithDebInfo|x86
	EndGlobalSection
	GlobalSection(ProjectConfigurationPlatforms) = postSolution
		{20D28A34-E6CC-3C9C-9F87-2DD162098C3D}.Debug|Any CPU.ActiveCfg = Debug|x64
		{20D28A34-E6CC-3C9C-9F87-2DD162098C3D}.Debug|Any CPU.Build.0 = Debug|x64
		{20D28A34-E6CC-3C9C-9F87-2DD162098C3D}.Debug|x64.ActiveCfg = Debug|x64
		{20D28A34-E6CC-3C9C-9F87-2DD162098C3D}.Debug|x64.Build.0 = Debug|x64
		{20D28A34-E6CC-3C9C-9F87-2DD162098C3D}.Debug|x86.ActiveCfg = Debug|x64
		{20D28A34-E6CC-3C9C-9F87-2DD162098C3D}.Debug|x86.Build.0 = Debug|x64
		{20D28A34-E6CC-3C9C-9F87-2DD162098C3D}.MinSizeRel|Any CPU.ActiveCfg = MinSizeRel|x64
		{20D28A34-E6CC-3C9C-9F87-2DD162098C3D}.MinSizeRel|Any CPU.Build.0 = MinSizeRel|x64
		{20D28A34-E6CC-3C9C-9F87-2DD162098C3D}.MinSizeRel|x64.ActiveCfg = MinSizeRel|x64
		{20D28A34-E6CC-3C9C-9F87-2DD162098C3D}.MinSizeRel|x64.Build.0 = MinSizeRel|x64
		{20D28A34-E6CC-3C9C-9F87-2DD162098C3D}.MinSizeRel|x86.ActiveCfg = MinSizeRel|x64
		{20D28A34-E6CC-3C9C-9F87-2DD162098C3D}.MinSizeRel|x86.Build.0 = MinSizeRel|x64
		{20D28A34-E6CC-3C9C-9F87-2DD162098C3D}.Release|Any CPU.ActiveCfg = Release|x64
		{20D28A34-E6CC-3C9C-9F87-2DD162098C3D}.Release|Any CPU.Build.0 = Release|x64
		{20D28A34-E6CC-3C9C-9F87-2DD162098C3D}.Release|x64.ActiveCfg = Release|x64
		{20D28A34-E6CC-3C9C-9F87-2DD162098C3D}.Release|x64.Build.0 = Release|x64
		{20D28A34-E6CC-3C9C-9F87-2DD162098C3D}.Release|x86.ActiveCfg = Release|x64
		{20D28A34-E6CC-3C9C-9F87-2DD162098C3D}.Release|x86.Build.0 = Release|x64
		{20D28A34-E6CC-3C9C-9F87-2DD162098C3D}.RelWithDebInfo|Any CPU.ActiveCfg = RelWithDebInfo|x64
		{20D28A34-E6CC-3C9C-9F87-2DD162098C3D}.RelWithDebInfo|Any CPU.Build.0 = RelWithDebInfo|x64
		{20D28A34-E6CC-3C9C-9F87-2DD162098C3D}.RelWithDebInfo|x64.ActiveCfg = RelWithDebInfo|x64
		{20D28A34-E6CC-3C9C-9F87-2DD162098C3D}.RelWithDebInfo|x64.Build.0 = RelWithDebInfo|x64
		{20D28A34-E6CC-3C9C-9F87-2DD162098C3D}.RelWithDebInfo|x86.ActiveCfg = RelWithDebInfo|x64
		{20D28A34-E6CC-3C9C-9F87-2DD162098C3D}.RelWithDebInfo|x86.Build.0 = RelWithDebInfo|x64
		{40A2C2A3-8368-3509-B57E-F6697B197EB8}.Debug|Any CPU.ActiveCfg = Debug|x64
		{40A2C2A3-8368-3509-B57E-F6697B197EB8}.Debug|Any CPU.Build.0 = Debug|x64
		{40A2C2A3-8368-3509-B57E-F6697B197EB8}.Debug|x64.ActiveCfg = Debug|x64
		{40A2C2A3-8368-3509-B57E-F6697B197EB8}.Debug|x64.Build.0 = Debug|x64
		{40A2C2A3-8368-3509-B57E-F6697B197EB8}.Debug|x86.ActiveCfg = Debug|x64
		{40A2C2A3-8368-3509-B57E-F6697B197EB8}.Debug|x86.Build.0 = Debug|x64
		{40A2C2A3-8368-3509-B57E-F6697B197EB8}.MinSizeRel|Any CPU.ActiveCfg = MinSizeRel|x64
		{40A2C2A3-8368-3509-B57E-F6697B197EB8}.MinSizeRel|Any CPU.Build.0 = MinSizeRel|x64
		{40A2C2A3-8368-3509-B57E-F6697B197EB8}.MinSizeRel|x64.ActiveCfg = MinSizeRel|x64
		{40A2C2A3-8368-3509-B57E-F6697B197EB8}.MinSizeRel|x64.Build.0 = MinSizeRel|x64
		{40A2C2A3-8368-3509-B57E-F6697B197EB8}.MinSizeRel|x86.ActiveCfg = MinSizeRel|x64
		{40A2C2A3-8368-3509-B57E-F6697B197EB8}.MinSizeRel|x86.Build.0 = MinSizeRel|x64
		{40A2C2A3-8368-3509-B57E-F6697B197EB8}.Release|Any CPU.ActiveCfg = Release|x64
		{40A2C2A3-8368-3509-B57E-F6697B197EB8}.Release|Any CPU.Build.0 = Release|x64
		{40A2C2A3-8368-3509-B57E-F6697B197EB8}.Release|x64.ActiveCfg = Release|x64
		{40A2C2A3-8368-3509-B57E-F6697B197EB8}.Release|x64.Build.0 = Release|x64
		{40A2C2A3-8368-3509-B57E-F6697B197EB8}.Release|x86.ActiveCfg = Release|x64
		{40A2C2A3-8368-3509-B57E-F6697B197EB8}.Release|x86.Build.0 = Release|x64
		{40A2C2A3-8368-3509-B57E-F6697B197EB8}.RelWithDebInfo|Any CPU.ActiveCfg = RelWithDebInfo|x64
		{40A2C2A3-8368-3509-B57E-F6697B197EB8}.RelWithDebInfo|Any CPU.Build.0 = RelWithDebInfo|x64
		{40A2C2A3-8368-3509-B57E-F6697B197EB8}.RelWithDebInfo|x64.ActiveCfg = RelWithDebInfo|x64
		{40A2C2A3-8368-3509-B57E-F6697B197EB8}.RelWithDebInfo|x64.Build.0 = RelWithDebInfo|x64
		{40A2C2A3-8368-3509-B57E-F6697B197EB8}.RelWithDebInfo|x86.ActiveCfg = RelWithDebInfo|x64
		{40A2C2A3-8368-3509-B57E-F6697B197EB8}.RelWithDebInfo|x86.Build.0 = RelWithDebInfo|x64
		{17CB1AEE-C690-32CA-917D-F27645442272}.Debug|Any CPU.ActiveCfg = Debug|x64
		{17CB1AEE-C690-32CA-917D-F27645442272}.Debug|Any CPU.Build.0 = Debug|x64
		{17CB1AEE-C690-32CA-917D-F27645442272}.Debug|x64.ActiveCfg = Debug|x64
		{17CB1AEE-C690-32CA-917D-F27645442272}.Debug|x64.Build.0 = Debug|x64
		{17CB1AEE-C690-32CA-917D-F27645442272}.Debug|x86.ActiveCfg = Debug|x64
		{17CB1AEE-C690-32CA-917D-F27645442272}.Debug|x86.Build.0 = Debug|x64
		{17CB1AEE-C690-32CA-917D-F27645442272}.MinSizeRel|Any CPU.ActiveCfg = MinSizeRel|x64
		{17CB1AEE-C690-32CA-917D-F27645442272}.MinSizeRel|Any CPU.Build.0 = MinSizeRel|x64
		{17CB1AEE-C690-32CA-917D-F27645442272}.MinSizeRel|x64.ActiveCfg = MinSizeRel|x64
		{17CB1AEE-C690-32CA-917D-F27645442272}.MinSizeRel|x64.Build.0 = MinSizeRel|x64
		{17CB1AEE-C690-32CA-917D-F27645442272}.MinSizeRel|x86.ActiveCfg = MinSizeRel|x64
		{17CB1AEE-C690-32CA-917D-F27645442272}.MinSizeRel|x86.Build.0 = MinSizeRel|x64
		{17CB1AEE-C690-32CA-917D-F27645442272}.Release|Any CPU.ActiveCfg = Release|x64
		{17CB1AEE-C690-32CA-917D-F27645442272}.Release|Any CPU.Build.0 = Release|x64
		{17CB1AEE-C690-32CA-917D-F27645442272}.Release|x64.ActiveCfg = Release|x64
		{17CB1AEE-C690-32CA-917D-F27645442272}.Release|x64.Build.0 = Release|x64
		{17CB1AEE-C690-32CA-917D-F27645442272}.Release|x86.ActiveCfg = Release|x64
		{17CB1AEE-C690-32CA-917D-F27645442272}.Release|x86.Build.0 = Release|x64
		{17CB1AEE-C690-32CA-917D-F27645442272}.RelWithDebInfo|Any CPU.ActiveCfg = RelWithDebInfo|x64
		{17CB1AEE-C690-32CA-917D-F27645442272}.RelWithDebInfo|Any CPU.Build.0 = RelWithDebInfo|x64
		{17CB1AEE-C690-32CA-917D-F27645442272}.RelWithDebInfo|x64.ActiveCfg = RelWithDebInfo|x64
		{17CB1AEE-C690-32CA-917D-F27645442272}.RelWithDebInfo|x64.Build.0 = RelWithDebInfo|x64
		{17CB1AEE-C690-32CA-917D-F27645442272}.RelWithDebInfo|x86.ActiveCfg = RelWithDebInfo|x64
		{17CB1AEE-C690-32CA-917D-F27645442272}.RelWithDebInfo|x86.Build.0 = RelWithDebInfo|x64
		{84C5BC23-BB57-4CF6-80CB-9A5AE8A42E33}.Debug|Any CPU.ActiveCfg = Debug|Any CPU
		{84C5BC23-BB57-4CF6-80CB-9A5AE8A42E33}.Debug|Any CPU.Build.0 = Debug|Any CPU
		{84C5BC23-BB57-4CF6-80CB-9A5AE8A42E33}.Debug|x64.ActiveCfg = Debug|Any CPU
		{84C5BC23-BB57-4CF6-80CB-9A5AE8A42E33}.Debug|x64.Build.0 = Debug|Any CPU
		{84C5BC23-BB57-4CF6-80CB-9A5AE8A42E33}.Debug|x86.ActiveCfg = Debug|Any CPU
		{84C5BC23-BB57-4CF6-80CB-9A5AE8A42E33}.Debug|x86.Build.0 = Debug|Any CPU
		{84C5BC23-BB57-4CF6-80CB-9A5AE8A42E33}.MinSizeRel|Any CPU.ActiveCfg = Debug|Any CPU
		{84C5BC23-BB57-4CF6-80CB-9A5AE8A42E33}.MinSizeRel|Any CPU.Build.0 = Debug|Any CPU
		{84C5BC23-BB57-4CF6-80CB-9A5AE8A42E33}.MinSizeRel|x64.ActiveCfg = Debug|Any CPU
		{84C5BC23-BB57-4CF6-80CB-9A5AE8A42E33}.MinSizeRel|x64.Build.0 = Debug|Any CPU
		{84C5BC23-BB57-4CF6-80CB-9A5AE8A42E33}.MinSizeRel|x86.ActiveCfg = Debug|Any CPU
		{84C5BC23-BB57-4CF6-80CB-9A5AE8A42E33}.MinSizeRel|x86.Build.0 = Debug|Any CPU
		{84C5BC23-BB57-4CF6-80CB-9A5AE8A42E33}.Release|Any CPU.ActiveCfg = Release|Any CPU
		{84C5BC23-BB57-4CF6-80CB-9A5AE8A42E33}.Release|Any CPU.Build.0 = Release|Any CPU
		{84C5BC23-BB57-4CF6-80CB-9A5AE8A42E33}.Release|x64.ActiveCfg = Release|Any CPU
		{84C5BC23-BB57-4CF6-80CB-9A5AE8A42E33}.Release|x64.Build.0 = Release|Any CPU
		{84C5BC23-BB57-4CF6-80CB-9A5AE8A42E33}.Release|x86.ActiveCfg = Release|Any CPU
		{84C5BC23-BB57-4CF6-80CB-9A5AE8A42E33}.Release|x86.Build.0 = Release|Any CPU
		{84C5BC23-BB57-4CF6-80CB-9A5AE8A42E33}.RelWithDebInfo|Any CPU.ActiveCfg = Release|Any CPU
		{84C5BC23-BB57-4CF6-80CB-9A5AE8A42E33}.RelWithDebInfo|Any CPU.Build.0 = Release|Any CPU
		{84C5BC23-BB57-4CF6-80CB-9A5AE8A42E33}.RelWithDebInfo|x64.ActiveCfg = Release|Any CPU
		{84C5BC23-BB57-4CF6-80CB-9A5AE8A42E33}.RelWithDebInfo|x64.Build.0 = Release|Any CPU
		{84C5BC23-BB57-4CF6-80CB-9A5AE8A42E33}.RelWithDebInfo|x86.ActiveCfg = Release|Any CPU
		{84C5BC23-BB57-4CF6-80CB-9A5AE8A42E33}.RelWithDebInfo|x86.Build.0 = Release|Any CPU
		{6EEC0E1B-100A-40AA-A28C-DB325145526B}.Debug|Any CPU.ActiveCfg = Debug|x64
		{6EEC0E1B-100A-40AA-A28C-DB325145526B}.Debug|Any CPU.Build.0 = Debug|x64
		{6EEC0E1B-100A-40AA-A28C-DB325145526B}.Debug|x64.ActiveCfg = Debug|x64
		{6EEC0E1B-100A-40AA-A28C-DB325145526B}.Debug|x64.Build.0 = Debug|x64
		{6EEC0E1B-100A-40AA-A28C-DB325145526B}.Debug|x86.ActiveCfg = Debug|Win32
		{6EEC0E1B-100A-40AA-A28C-DB325145526B}.Debug|x86.Build.0 = Debug|Win32
		{6EEC0E1B-100A-40AA-A28C-DB325145526B}.MinSizeRel|Any CPU.ActiveCfg = Debug|x64
		{6EEC0E1B-100A-40AA-A28C-DB325145526B}.MinSizeRel|Any CPU.Build.0 = Debug|x64
		{6EEC0E1B-100A-40AA-A28C-DB325145526B}.MinSizeRel|x64.ActiveCfg = Debug|x64
		{6EEC0E1B-100A-40AA-A28C-DB325145526B}.MinSizeRel|x64.Build.0 = Debug|x64
		{6EEC0E1B-100A-40AA-A28C-DB325145526B}.MinSizeRel|x86.ActiveCfg = Debug|Win32
		{6EEC0E1B-100A-40AA-A28C-DB325145526B}.MinSizeRel|x86.Build.0 = Debug|Win32
		{6EEC0E1B-100A-40AA-A28C-DB325145526B}.Release|Any CPU.ActiveCfg = Release|x64
		{6EEC0E1B-100A-40AA-A28C-DB325145526B}.Release|Any CPU.Build.0 = Release|x64
		{6EEC0E1B-100A-40AA-A28C-DB325145526B}.Release|x64.ActiveCfg = Release|x64
		{6EEC0E1B-100A-40AA-A28C-DB325145526B}.Release|x64.Build.0 = Release|x64
		{6EEC0E1B-100A-40AA-A28C-DB325145526B}.Release|x86.ActiveCfg = Release|Win32
		{6EEC0E1B-100A-40AA-A28C-DB325145526B}.Release|x86.Build.0 = Release|Win32
		{6EEC0E1B-100A-40AA-A28C-DB325145526B}.RelWithDebInfo|Any CPU.ActiveCfg = Release|x64
		{6EEC0E1B-100A-40AA-A28C-DB325145526B}.RelWithDebInfo|Any CPU.Build.0 = Release|x64
		{6EEC0E1B-100A-40AA-A28C-DB325145526B}.RelWithDebInfo|x64.ActiveCfg = Release|x64
		{6EEC0E1B-100A-40AA-A28C-DB325145526B}.RelWithDebInfo|x64.Build.0 = Release|x64
		{6EEC0E1B-100A-40AA-A28C-DB325145526B}.RelWithDebInfo|x86.ActiveCfg = Release|Win32
		{6EEC0E1B-100A-40AA-A28C-DB325145526B}.RelWithDebInfo|x86.Build.0 = Release|Win32
	EndGlobalSection
	GlobalSection(SolutionProperties) = preSolution
		HideSolutionNode = FALSE
	EndGlobalSection
	GlobalSection(ExtensibilityGlobals) = postSolution
		SolutionGuid = {A63402E4-817E-3293-B18A-66F9A7F92363}
	EndGlobalSection
EndGlobal
