{
  "name": "eext-batch-led-place",
  "version": "1.0.0",
  "lockfileVersion": 3,
  "requires": true,
  "packages": {
    "": {
      "name": "eext-batch-led-place",
      "version": "1.0.0",
      "devDependencies": {
        "@jlceda/pro-api-types": "^0.2.59",
        "@types/node": "^18.0.0",
        "pro-api-sdk": "github:easyeda/pro-api-sdk",
        "typescript": "^5.0.0"
      }
    },
    "node_modules/@jlceda/pro-api-types": {
      "version": "0.2.59",
      "resolved": "https://registry.npmjs.org/@jlceda/pro-api-types/-/pro-api-types-0.2.59.tgz",
      "integrity": "sha512-BpUL6lkZyK9l9xExz+LM/k2wwihoRBjtZL4fRq3w+7jPKHiNdukJYoT1pkkcaaOYbUA5kOq1Uj8q2lkmUpYZtg==",
      "dev": true,
      "license": "Apache-2.0"
    },
    "node_modules/@types/node": {
      "version": "18.19.130",
      "resolved": "https://mirrors.tencent.com/npm/@types/node/-/node-18.19.130.tgz",
      "integrity": "sha512-GRaXQx6jGfL8sKfaIDD6OupbIHBr9jv7Jnaml9tB7l4v068PAOXqfcujMMo5PhbIs6ggR1XODELqahT2R8v0fg==",
      "dev": true,
      "license": "MIT",
      "dependencies": {
        "undici-types": "~5.26.4"
      }
    },
    "node_modules/pro-api-sdk": {
      "version": "1.3.2",
      "resolved": "git+ssh://git@github.com/easyeda/pro-api-sdk.git#4c12618531263bbc2f87fcac56a622042b211617",
      "dev": true,
      "license": "Apache-2.0",
      "engines": {
        "node": ">=20.17.0"
      }
    },
    "node_modules/typescript": {
      "version": "5.9.3",
      "resolved": "https://mirrors.tencent.com/npm/typescript/-/typescript-5.9.3.tgz",
      "integrity": "sha512-jl1vZzPDinLr9eUt3J/t7V6FgNEw9QjvBPdysz9KfQDD41fQrC2Y4vKQdiaUpFT4bXlb1RHhLpp8wtm6M5TgSw==",
      "dev": true,
      "bin": {
        "tsc": "bin/tsc",
        "tsserver": "bin/tsserver"
      },
      "engines": {
        "node": ">=14.17"
      }
    },
    "node_modules/undici-types": {
      "version": "5.26.5",
      "resolved": "https://mirrors.tencent.com/npm/undici-types/-/undici-types-5.26.5.tgz",
      "integrity": "sha512-JlCMO+ehdEIKqlFxk6IfVoAUVmgz7cU7zD/h9XZ0qzeosSHmUJVOzSQvvYSYWXkFXC+IfLKSIffhv0sVZup6pA==",
      "dev": true
    }
  }
}
