<?xml version="1.0" encoding="utf-8"?>
<Project ToolsVersion="17.0" xmlns="http://schemas.microsoft.com/developer/msbuild/2003">
  <ItemGroup>
    <ClCompile Include="astcenc_averages_and_directions.cpp">
      <Filter>Source Files</Filter>
    </ClCompile>
    <ClCompile Include="astcenc_block_sizes.cpp">
      <Filter>Source Files</Filter>
    </ClCompile>
    <ClCompile Include="astcenc_color_quantize.cpp">
      <Filter>Source Files</Filter>
    </ClCompile>
    <ClCompile Include="astcenc_color_unquantize.cpp">
      <Filter>Source Files</Filter>
    </ClCompile>
    <ClCompile Include="astcenc_compress_symbolic.cpp">
      <Filter>Source Files</Filter>
    </ClCompile>
    <ClCompile Include="astcenc_compute_variance.cpp">
      <Filter>Source Files</Filter>
    </ClCompile>
    <ClCompile Include="astcenc_decompress_symbolic.cpp">
      <Filter>Source Files</Filter>
    </ClCompile>
    <ClCompile Include="astcenc_diagnostic_trace.cpp">
      <Filter>Source Files</Filter>
    </ClCompile>
    <ClCompile Include="astcenc_entry.cpp">
      <Filter>Source Files</Filter>
    </ClCompile>
    <ClCompile Include="astcenc_find_best_partitioning.cpp">
      <Filter>Source Files</Filter>
    </ClCompile>
    <ClCompile Include="astcenc_ideal_endpoints_and_weights.cpp">
      <Filter>Source Files</Filter>
    </ClCompile>
    <ClCompile Include="astcenc_image.cpp">
      <Filter>Source Files</Filter>
    </ClCompile>
    <ClCompile Include="astcenc_integer_sequence.cpp">
      <Filter>Source Files</Filter>
    </ClCompile>
    <ClCompile Include="astcenc_mathlib.cpp">
      <Filter>Source Files</Filter>
    </ClCompile>
    <ClCompile Include="astcenc_mathlib_softfloat.cpp">
      <Filter>Source Files</Filter>
    </ClCompile>
    <ClCompile Include="astcenc_partition_tables.cpp">
      <Filter>Source Files</Filter>
    </ClCompile>
    <ClCompile Include="astcenc_percentile_tables.cpp">
      <Filter>Source Files</Filter>
    </ClCompile>
    <ClCompile Include="astcenc_pick_best_endpoint_format.cpp">
      <Filter>Source Files</Filter>
    </ClCompile>
    <ClCompile Include="astcenc_quantization.cpp">
      <Filter>Source Files</Filter>
    </ClCompile>
    <ClCompile Include="astcenc_symbolic_physical.cpp">
      <Filter>Source Files</Filter>
    </ClCompile>
    <ClCompile Include="astcenc_weight_align.cpp">
      <Filter>Source Files</Filter>
    </ClCompile>
    <ClCompile Include="astcenc_weight_quant_xfer_tables.cpp">
      <Filter>Source Files</Filter>
    </ClCompile>
  </ItemGroup>
  <ItemGroup>
    <Filter Include="Source Files">
      <UniqueIdentifier>{298F94D0-B2A9-3F34-AF0C-4F55C3746883}</UniqueIdentifier>
    </Filter>
  </ItemGroup>
  <ItemGroup>
    <ClInclude Include="astcenc_vecmathlib.h">
      <Filter>Source Files</Filter>
    </ClInclude>
    <ClInclude Include="astcenc.h">
      <Filter>Source Files</Filter>
    </ClInclude>
    <ClInclude Include="astcenc_internal.h">
      <Filter>Source Files</Filter>
    </ClInclude>
  </ItemGroup>
</Project>