
Microsoft Visual Studio Solution File, Format Version 12.00
# Visual Studio Version 17
VisualStudioVersion = 17.14.37216.2 d17.14
MinimumVisualStudioVersion = 10.0.40219.1
Project("{FAE04EC0-301F-11D3-BF4B-00C04F79EFBC}") = "TrimVideo", "TrimVideo.csproj", "{79E24A77-FD33-C5DE-FF64-8D82C7608FB5}"
EndProject
Global
	GlobalSection(SolutionConfigurationPlatforms) = preSolution
		Debug|Any CPU = Debug|Any CPU
		Release|Any CPU = Release|Any CPU
	EndGlobalSection
	GlobalSection(ProjectConfigurationPlatforms) = postSolution
		{79E24A77-FD33-C5DE-FF64-8D82C7608FB5}.Debug|Any CPU.ActiveCfg = Debug|Any CPU
		{79E24A77-FD33-C5DE-FF64-8D82C7608FB5}.Debug|Any CPU.Build.0 = Debug|Any CPU
		{79E24A77-FD33-C5DE-FF64-8D82C7608FB5}.Release|Any CPU.ActiveCfg = Release|Any CPU
		{79E24A77-FD33-C5DE-FF64-8D82C7608FB5}.Release|Any CPU.Build.0 = Release|Any CPU
	EndGlobalSection
	GlobalSection(SolutionProperties) = preSolution
		HideSolutionNode = FALSE
	EndGlobalSection
	GlobalSection(ExtensibilityGlobals) = postSolution
		SolutionGuid = {AD9D10BB-E446-4E0D-9503-171A91E98CCE}
	EndGlobalSection
EndGlobal
